// !$*UTF8*$!
{
	archiveVersion = 1;
	classes = {
	};
	objectVersion = 50;
	objects = {

/* Begin PBXBuildFile section */
		2EC9F216254F3D4400E74C84 /* AppDelegate.swift in Sources */ = {isa = PBXBuildFile; fileRef = 2EC9F215254F3D4400E74C84 /* AppDelegate.swift */; };
		2EC9F218254F3D4400E74C84 /* SceneDelegate.swift in Sources */ = {isa = PBXBuildFile; fileRef = 2EC9F217254F3D4400E74C84 /* SceneDelegate.swift */; };
		2EC9F21A254F3D4400E74C84 /* ViewController.swift in Sources */ = {isa = PBXBuildFile; fileRef = 2EC9F219254F3D4400E74C84 /* ViewController.swift */; };
		2EC9F21D254F3D4400E74C84 /* Main.storyboard in Resources */ = {isa = PBXBuildFile; fileRef = 2EC9F21B254F3D4400E74C84 /* Main.storyboard */; };
		2EC9F21F254F3D4700E74C84 /* Assets.xcassets in Resources */ = {isa = PBXBuildFile; fileRef = 2EC9F21E254F3D4700E74C84 /* Assets.xcassets */; };
		2EC9F222254F3D4700E74C84 /* LaunchScreen.storyboard in Resources */ = {isa = PBXBuildFile; fileRef = 2EC9F220254F3D4700E74C84 /* LaunchScreen.storyboard */; };
		2EC9F22D254F3D4800E74C84 /* ColorMixTests.swift in Sources */ = {isa = PBXBuildFile; fileRef = 2EC9F22C254F3D4800E74C84 /* ColorMixTests.swift */; };
		2EC9F238254F3D4800E74C84 /* ColorMixUITests.swift in Sources */ = {isa = PBXBuildFile; fileRef = 2EC9F237254F3D4800E74C84 /* ColorMixUITests.swift */; };
/* End PBXBuildFile section */

/* Begin PBXContainerItemProxy section */
		2EC9F229254F3D4800E74C84 /* PBXContainerItemProxy */ = {
			isa = PBXContainerItemProxy;
			containerPortal = 2EC9F20A254F3D4400E74C84 /* Project object */;
			proxyType = 1;
			remoteGlobalIDString = 2EC9F211254F3D4400E74C84;
			remoteInfo = ColorMix;
		};
		2EC9F234254F3D4800E74C84 /* PBXContainerItemProxy */ = {
			isa = PBXContainerItemProxy;
			containerPortal = 2EC9F20A254F3D4400E74C84 /* Project object */;
			proxyType = 1;
			remoteGlobalIDString = 2EC9F211254F3D4400E74C84;
			remoteInfo = ColorMix;
		};
/* End PBXContainerItemProxy section */

/* Begin PBXFileReference section */
		2EC9F212254F3D4400E74C84 /* ColorMix.app */ = {isa = PBXFileReference; explicitFileType = wrapper.application; includeInIndex = 0; path = ColorMix.app; sourceTree = BUILT_PRODUCTS_DIR; };
		2EC9F215254F3D4400E74C84 /* AppDelegate.swift */ = {isa = PBXFileReference; lastKnownFileType = sourcecode.swift; path = AppDelegate.swift; sourceTree = "<group>"; };
		2EC9F217254F3D4400E74C84 /* SceneDelegate.swift */ = {isa = PBXFileReference; lastKnownFileType = sourcecode.swift; path = SceneDelegate.swift; sourceTree = "<group>"; };
		2EC9F219254F3D4400E74C84 /* ViewController.swift */ = {isa = PBXFileReference; lastKnownFileType = sourcecode.swift; path = ViewController.swift; sourceTree = "<group>"; };
		2EC9F21C254F3D4400E74C84 /* Base */ = {isa = PBXFileReference; lastKnownFileType = file.storyboard; name = Base; path = Base.lproj/Main.storyboard; sourceTree = "<group>"; };
		2EC9F21E254F3D4700E74C84 /* Assets.xcassets */ = {isa = PBXFileReference; lastKnownFileType = folder.assetcatalog; path = Assets.xcassets; sourceTree = "<group>"; };
		2EC9F221254F3D4700E74C84 /* Base */ = {isa = PBXFileReference; lastKnownFileType = file.storyboard; name = Base; path = Base.lproj/LaunchScreen.storyboard; sourceTree = "<group>"; };
		2EC9F223254F3D4700E74C84 /* Info.plist */ = {isa = PBXFileReference; lastKnownFileType = text.plist.xml; path = Info.plist; sourceTree = "<group>"; };
		2EC9F228254F3D4800E74C84 /* ColorMixTests.xctest */ = {isa = PBXFileReference; explicitFileType = wrapper.cfbundle; includeInIndex = 0; path = ColorMixTests.xctest; sourceTree = BUILT_PRODUCTS_DIR; };
		2EC9F22C254F3D4800E74C84 /* ColorMixTests.swift */ = {isa = PBXFileReference; lastKnownFileType = sourcecode.swift; path = ColorMixTests.swift; sourceTree = "<group>"; };
		2EC9F22E254F3D4800E74C84 /* Info.plist */ = {isa = PBXFileReference; lastKnownFileType = text.plist.xml; path = Info.plist; sourceTree = "<group>"; };
		2EC9F233254F3D4800E74C84 /* ColorMixUITests.xctest */ = {isa = PBXFileReference; explicitFileType = wrapper.cfbundle; includeInIndex = 0; path = ColorMixUITests.xctest; sourceTree = BUILT_PRODUCTS_DIR; };
		2EC9F237254F3D4800E74C84 /* ColorMixUITests.swift */ = {isa = PBXFileReference; lastKnownFileType = sourcecode.swift; path = ColorMixUITests.swift; sourceTree = "<group>"; };
		2EC9F239254F3D4800E74C84 /* Info.plist */ = {isa = PBXFileReference; lastKnownFileType = text.plist.xml; path = Info.plist; sourceTree = "<group>"; };
/* End PBXFileReference section */

/* Begin PBXFrameworksBuildPhase section */
		2EC9F20F254F3D4400E74C84 /* Frameworks */ = {
			isa = PBXFrameworksBuildPhase;
			buildActionMask = 2147483647;
			files = (
			);
			runOnlyForDeploymentPostprocessing = 0;
		};
		2EC9F225254F3D4800E74C84 /* Frameworks */ = {
			isa = PBXFrameworksBuildPhase;
			buildActionMask = 2147483647;
			files = (
			);
			runOnlyForDeploymentPostprocessing = 0;
		};
		2EC9F230254F3D4800E74C84 /* Frameworks */ = {
			isa = PBXFrameworksBuildPhase;
			buildActionMask = 2147483647;
			files = (
			);
			runOnlyForDeploymentPostprocessing = 0;
		};
/* End PBXFrameworksBuildPhase section */

/* Begin PBXGroup section */
		2EC9F209254F3D4400E74C84 = {
			isa = PBXGroup;
			children = (
				2EC9F214254F3D4400E74C84 /* ColorMix */,
				2EC9F22B254F3D4800E74C84 /* ColorMixTests */,
				2EC9F236254F3D4800E74C84 /* ColorMixUITests */,
				2EC9F213254F3D4400E74C84 /* Products */,
			);
			sourceTree = "<group>";
		};
		2EC9F213254F3D4400E74C84 /* Products */ = {
			isa = PBXGroup;
			children = (
				2EC9F212254F3D4400E74C84 /* ColorMix.app */,
				2EC9F228254F3D4800E74C84 /* ColorMixTests.xctest */,
				2EC9F233254F3D4800E74C84 /* ColorMixUITests.xctest */,
			);
			name = Products;
			sourceTree = "<group>";
		};
		2EC9F214254F3D4400E74C84 /* ColorMix */ = {
			isa = PBXGroup;
			children = (
				2EC9F215254F3D4400E74C84 /* AppDelegate.swift */,
				2EC9F217254F3D4400E74C84 /* SceneDelegate.swift */,
				2EC9F219254F3D4400E74C84 /* ViewController.swift */,
				2EC9F21B254F3D4400E74C84 /* Main.storyboard */,
				2EC9F21E254F3D4700E74C84 /* Assets.xcassets */,
				2EC9F220254F3D4700E74C84 /* LaunchScreen.storyboard */,
				2EC9F223254F3D4700E74C84 /* Info.plist */,
			);
			path = ColorMix;
			sourceTree = "<group>";
		};
		2EC9F22B254F3D4800E74C84 /* ColorMixTests */ = {
			isa = PBXGroup;
			children = (
				2EC9F22C254F3D4800E74C84 /* ColorMixTests.swift */,
				2EC9F22E254F3D4800E74C84 /* Info.plist */,
			);
			path = ColorMixTests;
			sourceTree = "<group>";
		};
		2EC9F236254F3D4800E74C84 /* ColorMixUITests */ = {
			isa = PBXGroup;
			children = (
				2EC9F237254F3D4800E74C84 /* ColorMixUITests.swift */,
				2EC9F239254F3D4800E74C84 /* Info.plist */,
			);
			path = ColorMixUITests;
			sourceTree = "<group>";
		};
/* End PBXGroup section */

/* Begin PBXNativeTarget section */
		2EC9F211254F3D4400E74C84 /* ColorMix */ = {
			isa = PBXNativeTarget;
			buildConfigurationList = 2EC9F23C254F3D4800E74C84 /* Build configuration list for PBXNativeTarget "ColorMix" */;
			buildPhases = (
				2EC9F20E254F3D4400E74C84 /* Sources */,
				2EC9F20F254F3D4400E74C84 /* Frameworks */,
				2EC9F210254F3D4400E74C84 /* Resources */,
			);
			buildRules = (
			);
			dependencies = (
			);
			name = ColorMix;
			productName = ColorMix;
			productReference = 2EC9F212254F3D4400E74C84 /* ColorMix.app */;
			productType = "com.apple.product-type.application";
		};
		2EC9F227254F3D4800E74C84 /* ColorMixTests */ = {
			isa = PBXNativeTarget;
			buildConfigurationList = 2EC9F23F254F3D4800E74C84 /* Build configuration list for PBXNativeTarget "ColorMixTests" */;
			buildPhases = (
				2EC9F224254F3D4800E74C84 /* Sources */,
				2EC9F225254F3D4800E74C84 /* Frameworks */,
				2EC9F226254F3D4800E74C84 /* Resources */,
			);
			buildRules = (
			);
			dependencies = (
				2EC9F22A254F3D4800E74C84 /* PBXTargetDependency */,
			);
			name = ColorMixTests;
			productName = ColorMixTests;
			productReference = 2EC9F228254F3D4800E74C84 /* ColorMixTests.xctest */;
			productType = "com.apple.product-type.bundle.unit-test";
		};
		2EC9F232254F3D4800E74C84 /* ColorMixUITests */ = {
			isa = PBXNativeTarget;
			buildConfigurationList = 2EC9F242254F3D4800E74C84 /* Build configuration list for PBXNativeTarget "ColorMixUITests" */;
			buildPhases = (
				2EC9F22F254F3D4800E74C84 /* Sources */,
				2EC9F230254F3D4800E74C84 /* Frameworks */,
				2EC9F231254F3D4800E74C84 /* Resources */,
			);
			buildRules = (
			);
			dependencies = (
				2EC9F235254F3D4800E74C84 /* PBXTargetDependency */,
			);
			name = ColorMixUITests;
			productName = ColorMixUITests;
			productReference = 2EC9F233254F3D4800E74C84 /* ColorMixUITests.xctest */;
			productType = "com.apple.product-type.bundle.ui-testing";
		};
/* End PBXNativeTarget section */

/* Begin PBXProject section */
		2EC9F20A254F3D4400E74C84 /* Project object */ = {
			isa = PBXProject;
			attributes = {
				LastSwiftUpdateCheck = 1210;
				LastUpgradeCheck = 1210;
				TargetAttributes = {
					2EC9F211254F3D4400E74C84 = {
						CreatedOnToolsVersion = 12.1;
					};
					2EC9F227254F3D4800E74C84 = {
						CreatedOnToolsVersion = 12.1;
						TestTargetID = 2EC9F211254F3D4400E74C84;
					};
					2EC9F232254F3D4800E74C84 = {
						CreatedOnToolsVersion = 12.1;
						TestTargetID = 2EC9F211254F3D4400E74C84;
					};
				};
			};
			buildConfigurationList = 2EC9F20D254F3D4400E74C84 /* Build configuration list for PBXProject "ColorMix" */;
			compatibilityVersion = "Xcode 9.3";
			developmentRegion = en;
			hasScannedForEncodings = 0;
			knownRegions = (
				en,
				Base,
			);
			mainGroup = 2EC9F209254F3D4400E74C84;
			productRefGroup = 2EC9F213254F3D4400E74C84 /* Products */;
			projectDirPath = "";
			projectRoot = "";
			targets = (
				2EC9F211254F3D4400E74C84 /* ColorMix */,
				2EC9F227254F3D4800E74C84 /* ColorMixTests */,
				2EC9F232254F3D4800E74C84 /* ColorMixUITests */,
			);
		};
/* End PBXProject section */

/* Begin PBXResourcesBuildPhase section */
		2EC9F210254F3D4400E74C84 /* Resources */ = {
			isa = PBXResourcesBuildPhase;
			buildActionMask = 2147483647;
			files = (
				2EC9F222254F3D4700E74C84 /* LaunchScreen.storyboard in Resources */,
				2EC9F21F254F3D4700E74C84 /* Assets.xcassets in Resources */,
				2EC9F21D254F3D4400E74C84 /* Main.storyboard in Resources */,
			);
			runOnlyForDeploymentPostprocessing = 0;
		};
		2EC9F226254F3D4800E74C84 /* Resources */ = {
			isa = PBXResourcesBuildPhase;
			buildActionMask = 2147483647;
			files = (
			);
			runOnlyForDeploymentPostprocessing = 0;
		};
		2EC9F231254F3D4800E74C84 /* Resources */ = {
			isa = PBXResourcesBuildPhase;
			buildActionMask = 2147483647;
			files = (
			);
			runOnlyForDeploymentPostprocessing = 0;
		};
/* End PBXResourcesBuildPhase section */

/* Begin PBXSourcesBuildPhase section */
		2EC9F20E254F3D4400E74C84 /* Sources */ = {
			isa = PBXSourcesBuildPhase;
			buildActionMask = 2147483647;
			files = (
				2EC9F21A254F3D4400E74C84 /* ViewController.swift in Sources */,
				2EC9F216254F3D4400E74C84 /* AppDelegate.swift in Sources */,
				2EC9F218254F3D4400E74C84 /* SceneDelegate.swift in Sources */,
			);
			runOnlyForDeploymentPostprocessing = 0;
		};
		2EC9F224254F3D4800E74C84 /* Sources */ = {
			isa = PBXSourcesBuildPhase;
			buildActionMask = 2147483647;
			files = (
				2EC9F22D254F3D4800E74C84 /* ColorMixTests.swift in Sources */,
			);
			runOnlyForDeploymentPostprocessing = 0;
		};
		2EC9F22F254F3D4800E74C84 /* Sources */ = {
			isa = PBXSourcesBuildPhase;
			buildActionMask = 2147483647;
			files = (
				2EC9F238254F3D4800E74C84 /* ColorMixUITests.swift in Sources */,
			);
			runOnlyForDeploymentPostprocessing = 0;
		};
/* End PBXSourcesBuildPhase section */

/* Begin PBXTargetDependency section */
		2EC9F22A254F3D4800E74C84 /* PBXTargetDependency */ = {
			isa = PBXTargetDependency;
			target = 2EC9F211254F3D4400E74C84 /* ColorMix */;
			targetProxy = 2EC9F229254F3D4800E74C84 /* PBXContainerItemProxy */;
		};
		2EC9F235254F3D4800E74C84 /* PBXTargetDependency */ = {
			isa = PBXTargetDependency;
			target = 2EC9F211254F3D4400E74C84 /* ColorMix */;
			targetProxy = 2EC9F234254F3D4800E74C84 /* PBXContainerItemProxy */;
		};
/* End PBXTargetDependency section */

/* Begin PBXVariantGroup section */
		2EC9F21B254F3D4400E74C84 /* Main.storyboard */ = {
			isa = PBXVariantGroup;
			children = (
				2EC9F21C254F3D4400E74C84 /* Base */,
			);
			name = Main.storyboard;
			sourceTree = "<group>";
		};
		2EC9F220254F3D4700E74C84 /* LaunchScreen.storyboard */ = {
			isa = PBXVariantGroup;
			children = (
				2EC9F221254F3D4700E74C84 /* Base */,
			);
			name = LaunchScreen.storyboard;
			sourceTree = "<group>";
		};
/* End PBXVariantGroup section */

/* Begin XCBuildConfiguration section */
		2EC9F23A254F3D4800E74C84 /* Debug */ = {
			isa = XCBuildConfiguration;
			buildSettings = {
				ALWAYS_SEARCH_USER_PATHS = NO;
				CLANG_ANALYZER_NONNULL = YES;
				CLANG_ANALYZER_NUMBER_OBJECT_CONVERSION = YES_AGGRESSIVE;
				CLANG_CXX_LANGUAGE_STANDARD = "gnu++14";
				CLANG_CXX_LIBRARY = "libc++";
				CLANG_ENABLE_MODULES = YES;
				CLANG_ENABLE_OBJC_ARC = YES;
				CLANG_ENABLE_OBJC_WEAK = YES;
				CLANG_WARN_BLOCK_CAPTURE_AUTORELEASING = YES;
				CLANG_WARN_BOOL_CONVERSION = YES;
				CLANG_WARN_COMMA = YES;
				CLANG_WARN_CONSTANT_CONVERSION = YES;
				CLANG_WARN_DEPRECATED_OBJC_IMPLEMENTATIONS = YES;
				CLANG_WARN_DIRECT_OBJC_ISA_USAGE = YES_ERROR;
				CLANG_WARN_DOCUMENTATION_COMMENTS = YES;
				CLANG_WARN_EMPTY_BODY = YES;
				CLANG_WARN_ENUM_CONVERSION = YES;
				CLANG_WARN_INFINITE_RECURSION = YES;
				CLANG_WARN_INT_CONVERSION = YES;
				CLANG_WARN_NON_LITERAL_NULL_CONVERSION = YES;
				CLANG_WARN_OBJC_IMPLICIT_RETAIN_SELF = YES;
				CLANG_WARN_OBJC_LITERAL_CONVERSION = YES;
				CLANG_WARN_OBJC_ROOT_CLASS = YES_ERROR;
				CLANG_WARN_QUOTED_INCLUDE_IN_FRAMEWORK_HEADER = YES;
				CLANG_WARN_RANGE_LOOP_ANALYSIS = YES;
				CLANG_WARN_STRICT_PROTOTYPES = YES;
				CLANG_WARN_SUSPICIOUS_MOVE = YES;
				CLANG_WARN_UNGUARDED_AVAILABILITY = YES_AGGRESSIVE;
				CLANG_WARN_UNREACHABLE_CODE = YES;
				CLANG_WARN__DUPLICATE_METHOD_MATCH = YES;
				COPY_PHASE_STRIP = NO;
				DEBUG_INFORMATION_FORMAT = dwarf;
				ENABLE_STRICT_OBJC_MSGSEND = YES;
				ENABLE_TESTABILITY = YES;
				GCC_C_LANGUAGE_STANDARD = gnu11;
				GCC_DYNAMIC_NO_PIC = NO;
				GCC_NO_COMMON_BLOCKS = YES;
				GCC_OPTIMIZATION_LEVEL = 0;
				GCC_PREPROCESSOR_DEFINITIONS = (
					"DEBUG=1",
					"$(inherited)",
				);
				GCC_WARN_64_TO_32_BIT_CONVERSION = YES;
				GCC_WARN_ABOUT_RETURN_TYPE = YES_ERROR;
				GCC_WARN_UNDECLARED_SELECTOR = YES;
				GCC_WARN_UNINITIALIZED_AUTOS = YES_AGGRESSIVE;
				GCC_WARN_UNUSED_FUNCTION = YES;
				GCC_WARN_UNUSED_VARIABLE = YES;
				IPHONEOS_DEPLOYMENT_TARGET = 14.1;
				MTL_ENABLE_DEBUG_INFO = INCLUDE_SOURCE;
				MTL_FAST_MATH = YES;
				ONLY_ACTIVE_ARCH = YES;
				SDKROOT = iphoneos;
				SWIFT_ACTIVE_COMPILATION_CONDITIONS = DEBUG;
				SWIFT_OPTIMIZATION_LEVEL = "-Onone";
			};
			name = Debug;
		};
		2EC9F23B254F3D4800E74C84 /* Release */ = {
			isa = XCBuildConfiguration;
			buildSettings = {
				ALWAYS_SEARCH_USER_PATHS = NO;
				CLANG_ANALYZER_NONNULL = YES;
				CLANG_ANALYZER_NUMBER_OBJECT_CONVERSION = YES_AGGRESSIVE;
				CLANG_CXX_LANGUAGE_STANDARD = "gnu++14";
				CLANG_CXX_LIBRARY = "libc++";
				CLANG_ENABLE_MODULES = YES;
				CLANG_ENABLE_OBJC_ARC = YES;
				CLANG_ENABLE_OBJC_WEAK = YES;
				CLANG_WARN_BLOCK_CAPTURE_AUTORELEASING = YES;
				CLANG_WARN_BOOL_CONVERSION = YES;
				CLANG_WARN_COMMA = YES;
				CLANG_WARN_CONSTANT_CONVERSION = YES;
				CLANG_WARN_DEPRECATED_OBJC_IMPLEMENTATIONS = YES;
				CLANG_WARN_DIRECT_OBJC_ISA_USAGE = YES_ERROR;
				CLANG_WARN_DOCUMENTATION_COMMENTS = YES;
				CLANG_WARN_EMPTY_BODY = YES;
				CLANG_WARN_ENUM_CONVERSION = YES;
				CLANG_WARN_INFINITE_RECURSION = YES;
				CLANG_WARN_INT_CONVERSION = YES;
				CLANG_WARN_NON_LITERAL_NULL_CONVERSION = YES;
				CLANG_WARN_OBJC_IMPLICIT_RETAIN_SELF = YES;
				CLANG_WARN_OBJC_LITERAL_CONVERSION = YES;
				CLANG_WARN_OBJC_ROOT_CLASS = YES_ERROR;
				CLANG_WARN_QUOTED_INCLUDE_IN_FRAMEWORK_HEADER = YES;
				CLANG_WARN_RANGE_LOOP_ANALYSIS = YES;
				CLANG_WARN_STRICT_PROTOTYPES = YES;
				CLANG_WARN_SUSPICIOUS_MOVE = YES;
				CLANG_WARN_UNGUARDED_AVAILABILITY = YES_AGGRESSIVE;
				CLANG_WARN_UNREACHABLE_CODE = YES;
				CLANG_WARN__DUPLICATE_METHOD_MATCH = YES;
				COPY_PHASE_STRIP = NO;
				DEBUG_INFORMATION_FORMAT = "dwarf-with-dsym";
				ENABLE_NS_ASSERTIONS = NO;
				ENABLE_STRICT_OBJC_MSGSEND = YES;
				GCC_C_LANGUAGE_STANDARD = gnu11;
				GCC_NO_COMMON_BLOCKS = YES;
				GCC_WARN_64_TO_32_BIT_CONVERSION = YES;
				GCC_WARN_ABOUT_RETURN_TYPE = YES_ERROR;
				GCC_WARN_UNDECLARED_SELECTOR = YES;
				GCC_WARN_UNINITIALIZED_AUTOS = YES_AGGRESSIVE;
				GCC_WARN_UNUSED_FUNCTION = YES;
				GCC_WARN_UNUSED_VARIABLE = YES;
				IPHONEOS_DEPLOYMENT_TARGET = 14.1;
				MTL_ENABLE_DEBUG_INFO = NO;
				MTL_FAST_MATH = YES;
				SDKROOT = iphoneos;
				SWIFT_COMPILATION_MODE = wholemodule;
				SWIFT_OPTIMIZATION_LEVEL = "-O";
				VALIDATE_PRODUCT = YES;
			};
			name = Release;
		};
		2EC9F23D254F3D4800E74C84 /* Debug */ = {
			isa = XCBuildConfiguration;
			buildSettings = {
				ASSETCATALOG_COMPILER_APPICON_NAME = AppIcon;
				ASSETCATALOG_COMPILER_GLOBAL_ACCENT_COLOR_NAME = AccentColor;
				CODE_SIGN_STYLE = Automatic;
				INFOPLIST_FILE = ColorMix/Info.plist;
				LD_RUNPATH_SEARCH_PATHS = (
					"$(inherited)",
					"@executable_path/Frameworks",
				);
				PRODUCT_BUNDLE_IDENTIFIER = VES.ColorMix;
				PRODUCT_NAME = "$(TARGET_NAME)";
				SWIFT_VERSION = 5.0;
				TARGETED_DEVICE_FAMILY = "1,2";
			};
			name = Debug;
		};
		2EC9F23E254F3D4800E74C84 /* Release */ = {
			isa = XCBuildConfiguration;
			buildSettings = {
				ASSETCATALOG_COMPILER_APPICON_NAME = AppIcon;
				ASSETCATALOG_COMPILER_GLOBAL_ACCENT_COLOR_NAME = AccentColor;
				CODE_SIGN_STYLE = Automatic;
				INFOPLIST_FILE = ColorMix/Info.plist;
				LD_RUNPATH_SEARCH_PATHS = (
					"$(inherited)",
					"@executable_path/Frameworks",
				);
				PRODUCT_BUNDLE_IDENTIFIER = VES.ColorMix;
				PRODUCT_NAME = "$(TARGET_NAME)";
				SWIFT_VERSION = 5.0;
				TARGETED_DEVICE_FAMILY = "1,2";
			};
			name = Release;
		};
		2EC9F240254F3D4800E74C84 /* Debug */ = {
			isa = XCBuildConfiguration;
			buildSettings = {
				ALWAYS_EMBED_SWIFT_STANDARD_LIBRARIES = YES;
				BUNDLE_LOADER = "$(TEST_HOST)";
				CODE_SIGN_STYLE = Automatic;
				INFOPLIST_FILE = ColorMixTests/Info.plist;
				IPHONEOS_DEPLOYMENT_TARGET = 14.1;
				LD_RUNPATH_SEARCH_PATHS = (
					"$(inherited)",
					"@executable_path/Frameworks",
					"@loader_path/Frameworks",
				);
				PRODUCT_BUNDLE_IDENTIFIER = VES.ColorMixTests;
				PRODUCT_NAME = "$(TARGET_NAME)";
				SWIFT_VERSION = 5.0;
				TARGETED_DEVICE_FAMILY = "1,2";
				TEST_HOST = "$(BUILT_PRODUCTS_DIR)/ColorMix.app/ColorMix";
			};
			name = Debug;
		};
		2EC9F241254F3D4800E74C84 /* Release */ = {
			isa = XCBuildConfiguration;
			buildSettings = {
				ALWAYS_EMBED_SWIFT_STANDARD_LIBRARIES = YES;
				BUNDLE_LOADER = "$(TEST_HOST)";
				CODE_SIGN_STYLE = Automatic;
				INFOPLIST_FILE = ColorMixTests/Info.plist;
				IPHONEOS_DEPLOYMENT_TARGET = 14.1;
				LD_RUNPATH_SEARCH_PATHS = (
					"$(inherited)",
					"@executable_path/Frameworks",
					"@loader_path/Frameworks",
				);
				PRODUCT_BUNDLE_IDENTIFIER = VES.ColorMixTests;
				PRODUCT_NAME = "$(TARGET_NAME)";
				SWIFT_VERSION = 5.0;
				TARGETED_DEVICE_FAMILY = "1,2";
				TEST_HOST = "$(BUILT_PRODUCTS_DIR)/ColorMix.app/ColorMix";
			};
			name = Release;
		};
		2EC9F243254F3D4800E74C84 /* Debug */ = {
			isa = XCBuildConfiguration;
			buildSettings = {
				ALWAYS_EMBED_SWIFT_STANDARD_LIBRARIES = YES;
				CODE_SIGN_STYLE = Automatic;
				INFOPLIST_FILE = ColorMixUITests/Info.plist;
				LD_RUNPATH_SEARCH_PATHS = (
					"$(inherited)",
					"@executable_path/Frameworks",
					"@loader_path/Frameworks",
				);
				PRODUCT_BUNDLE_IDENTIFIER = VES.ColorMixUITests;
				PRODUCT_NAME = "$(TARGET_NAME)";
				SWIFT_VERSION = 5.0;
				TARGETED_DEVICE_FAMILY = "1,2";
				TEST_TARGET_NAME = ColorMix;
			};
			name = Debug;
		};
		2EC9F244254F3D4800E74C84 /* Release */ = {
			isa = XCBuildConfiguration;
			buildSettings = {
				ALWAYS_EMBED_SWIFT_STANDARD_LIBRARIES = YES;
				CODE_SIGN_STYLE = Automatic;
				INFOPLIST_FILE = ColorMixUITests/Info.plist;
				LD_RUNPATH_SEARCH_PATHS = (
					"$(inherited)",
					"@executable_path/Frameworks",
					"@loader_path/Frameworks",
				);
				PRODUCT_BUNDLE_IDENTIFIER = VES.ColorMixUITests;
				PRODUCT_NAME = "$(TARGET_NAME)";
				SWIFT_VERSION = 5.0;
				TARGETED_DEVICE_FAMILY = "1,2";
				TEST_TARGET_NAME = ColorMix;
			};
			name = Release;
		};
/* End XCBuildConfiguration section */

/* Begin XCConfigurationList section */
		2EC9F20D254F3D4400E74C84 /* Build configuration list for PBXProject "ColorMix" */ = {
			isa = XCConfigurationList;
			buildConfigurations = (
				2EC9F23A254F3D4800E74C84 /* Debug */,
				2EC9F23B254F3D4800E74C84 /* Release */,
			);
			defaultConfigurationIsVisible = 0;
			defaultConfigurationName = Release;
		};
		2EC9F23C254F3D4800E74C84 /* Build configuration list for PBXNativeTarget "ColorMix" */ = {
			isa = XCConfigurationList;
			buildConfigurations = (
				2EC9F23D254F3D4800E74C84 /* Debug */,
				2EC9F23E254F3D4800E74C84 /* Release */,
			);
			defaultConfigurationIsVisible = 0;
			defaultConfigurationName = Release;
		};
		2EC9F23F254F3D4800E74C84 /* Build configuration list for PBXNativeTarget "ColorMixTests" */ = {
			isa = XCConfigurationList;
			buildConfigurations = (
				2EC9F240254F3D4800E74C84 /* Debug */,
				2EC9F241254F3D4800E74C84 /* Release */,
			);
			defaultConfigurationIsVisible = 0;
			defaultConfigurationName = Release;
		};
		2EC9F242254F3D4800E74C84 /* Build configuration list for PBXNativeTarget "ColorMixUITests" */ = {
			isa = XCConfigurationList;
			buildConfigurations = (
				2EC9F243254F3D4800E74C84 /* Debug */,
				2EC9F244254F3D4800E74C84 /* Release */,
			);
			defaultConfigurationIsVisible = 0;
			defaultConfigurationName = Release;
		};
/* End XCConfigurationList section */
	};
	rootObject = 2EC9F20A254F3D4400E74C84 /* Project object */;
}
